// !$*UTF8*$!
{
	archiveVersion = 1;
	classes = {
	};
	objectVersion = 50;
	objects = {

/* Begin PBXBuildFile section */
		4860BA9326B05C6A006797B1 /* BalamApp.swift in Sources */ = {isa = PBXBuildFile; fileRef = 4860BA9226B05C6A006797B1 /* BalamApp.swift */; };
		4860BA9726B05C73006797B1 /* Assets.xcassets in Resources */ = {isa = PBXBuildFile; fileRef = 4860BA9626B05C73006797B1 /* Assets.xcassets */; };
		4860BA9A26B05C73006797B1 /* Preview Assets.xcassets in Resources */ = {isa = PBXBuildFile; fileRef = 4860BA9926B05C73006797B1 /* Preview Assets.xcassets */; };
		4860BAA326B07A83006797B1 /* Menu.swift in Sources */ = {isa = PBXBuildFile; fileRef = 4860BAA226B07A83006797B1 /* Menu.swift */; };
		4860BAA526B1CC53006797B1 /* Cart.swift in Sources */ = {isa = PBXBuildFile; fileRef = 4860BAA426B1CC53006797B1 /* Cart.swift */; };
		4860BAA826B1E5A0006797B1 /* AppState.swift in Sources */ = {isa = PBXBuildFile; fileRef = 4860BAA726B1E5A0006797B1 /* AppState.swift */; };
		4860BAAB26B1E725006797B1 /* Loadable.swift in Sources */ = {isa = PBXBuildFile; fileRef = 4860BAAA26B1E725006797B1 /* Loadable.swift */; };
		4860BAAD26B1E839006797B1 /* CancelBag.swift in Sources */ = {isa = PBXBuildFile; fileRef = 4860BAAC26B1E839006797B1 /* CancelBag.swift */; };
		4860BAAF26B1F153006797B1 /* Store.swift in Sources */ = {isa = PBXBuildFile; fileRef = 4860BAAE26B1F153006797B1 /* Store.swift */; };
		4860BAB126B1F78A006797B1 /* DIContainer.swift in Sources */ = {isa = PBXBuildFile; fileRef = 4860BAB026B1F78A006797B1 /* DIContainer.swift */; };
		4860BAB426B2861E006797B1 /* ImagesService.swift in Sources */ = {isa = PBXBuildFile; fileRef = 4860BAB326B2861E006797B1 /* ImagesService.swift */; };
		4860BAB626B28824006797B1 /* MenuService.swift in Sources */ = {isa = PBXBuildFile; fileRef = 4860BAB526B28824006797B1 /* MenuService.swift */; };
		4860BAB826B28E61006797B1 /* AppServices.swift in Sources */ = {isa = PBXBuildFile; fileRef = 4860BAB726B28E61006797B1 /* AppServices.swift */; };
		4860BABB26B2B6AD006797B1 /* AppEnvironment.swift in Sources */ = {isa = PBXBuildFile; fileRef = 4860BABA26B2B6AD006797B1 /* AppEnvironment.swift */; };
		4860BABF26B2C2CB006797B1 /* RootView.swift in Sources */ = {isa = PBXBuildFile; fileRef = 4860BABE26B2C2CB006797B1 /* RootView.swift */; };
		4860BAC126B30956006797B1 /* MenuView.swift in Sources */ = {isa = PBXBuildFile; fileRef = 4860BAC026B30956006797B1 /* MenuView.swift */; };
		4860BAC326B30984006797B1 /* CartView.swift in Sources */ = {isa = PBXBuildFile; fileRef = 4860BAC226B30984006797B1 /* CartView.swift */; };
		4860BAC526B30A61006797B1 /* ContextualActionView.swift in Sources */ = {isa = PBXBuildFile; fileRef = 4860BAC426B30A61006797B1 /* ContextualActionView.swift */; };
		4860BAC726B315CA006797B1 /* RootViewModel.swift in Sources */ = {isa = PBXBuildFile; fileRef = 4860BAC626B315CA006797B1 /* RootViewModel.swift */; };
		4860BACC26B32588006797B1 /* PromotionsView.swift in Sources */ = {isa = PBXBuildFile; fileRef = 4860BACB26B32588006797B1 /* PromotionsView.swift */; };
		4860BACF26B3351A006797B1 /* PageIndicatorView.swift in Sources */ = {isa = PBXBuildFile; fileRef = 4860BACE26B3351A006797B1 /* PageIndicatorView.swift */; };
		4860BAD326B3460E006797B1 /* ImageView.swift in Sources */ = {isa = PBXBuildFile; fileRef = 4860BAD226B3460E006797B1 /* ImageView.swift */; };
		4860BAD526B3F620006797B1 /* SwiperView.swift in Sources */ = {isa = PBXBuildFile; fileRef = 4860BAD426B3F620006797B1 /* SwiperView.swift */; };
		4860BAD726B45845006797B1 /* MenuItemView.swift in Sources */ = {isa = PBXBuildFile; fileRef = 4860BAD626B45845006797B1 /* MenuItemView.swift */; };
		4860BAD926B458CE006797B1 /* MenuItemViewModel.swift in Sources */ = {isa = PBXBuildFile; fileRef = 4860BAD826B458CE006797B1 /* MenuItemViewModel.swift */; };
		4860BADC26B45C4A006797B1 /* CartService.swift in Sources */ = {isa = PBXBuildFile; fileRef = 4860BADB26B45C4A006797B1 /* CartService.swift */; };
		4860BADE26B488A5006797B1 /* AppFormatters.swift in Sources */ = {isa = PBXBuildFile; fileRef = 4860BADD26B488A5006797B1 /* AppFormatters.swift */; };
		4860BAE126B53FEB006797B1 /* PromotionsViewModel.swift in Sources */ = {isa = PBXBuildFile; fileRef = 4860BAE026B53FEB006797B1 /* PromotionsViewModel.swift */; };
		4860BAE326B57690006797B1 /* ContextIndicatorView.swift in Sources */ = {isa = PBXBuildFile; fileRef = 4860BAE226B57690006797B1 /* ContextIndicatorView.swift */; };
		4860BAE626B67D25006797B1 /* MenuItemsView.swift in Sources */ = {isa = PBXBuildFile; fileRef = 4860BAE526B67D25006797B1 /* MenuItemsView.swift */; };
		4860BAE826B68438006797B1 /* MenuItemsViewModel.swift in Sources */ = {isa = PBXBuildFile; fileRef = 4860BAE726B68438006797B1 /* MenuItemsViewModel.swift */; };
		4860BAEB26B68591006797B1 /* MenuCategoriesView.swift in Sources */ = {isa = PBXBuildFile; fileRef = 4860BAEA26B68591006797B1 /* MenuCategoriesView.swift */; };
		4860BAED26B68F83006797B1 /* MenuCategoriesViewModel.swift in Sources */ = {isa = PBXBuildFile; fileRef = 4860BAEC26B68F83006797B1 /* MenuCategoriesViewModel.swift */; };
		4860BAF026B694B9006797B1 /* MenuViewModel.swift in Sources */ = {isa = PBXBuildFile; fileRef = 4860BAEF26B694B9006797B1 /* MenuViewModel.swift */; };
		4860BAF326B699B9006797B1 /* CartItemView.swift in Sources */ = {isa = PBXBuildFile; fileRef = 4860BAF226B699B9006797B1 /* CartItemView.swift */; };
		4860BAF526B699D8006797B1 /* CartItemViewModel.swift in Sources */ = {isa = PBXBuildFile; fileRef = 4860BAF426B699D8006797B1 /* CartItemViewModel.swift */; };
		4860BAF826B6B2EF006797B1 /* CartTotalView.swift in Sources */ = {isa = PBXBuildFile; fileRef = 4860BAF726B6B2EF006797B1 /* CartTotalView.swift */; };
		4860BAFA26B6B2F9006797B1 /* CartTotalViewModel.swift in Sources */ = {isa = PBXBuildFile; fileRef = 4860BAF926B6B2F9006797B1 /* CartTotalViewModel.swift */; };
		4860BAFD26B6C753006797B1 /* CartItemsView.swift in Sources */ = {isa = PBXBuildFile; fileRef = 4860BAFC26B6C753006797B1 /* CartItemsView.swift */; };
		4860BAFF26B6C75E006797B1 /* CartItemsViewModel.swift in Sources */ = {isa = PBXBuildFile; fileRef = 4860BAFE26B6C75E006797B1 /* CartItemsViewModel.swift */; };
		4860BB0226B6D56C006797B1 /* CartViewModel.swift in Sources */ = {isa = PBXBuildFile; fileRef = 4860BB0126B6D56C006797B1 /* CartViewModel.swift */; };
		4860BB0526B7303C006797B1 /* ContextualActionViewModel.swift in Sources */ = {isa = PBXBuildFile; fileRef = 4860BB0426B7303C006797B1 /* ContextualActionViewModel.swift */; };
		4860BB0926B73259006797B1 /* ImageViewModel.swift in Sources */ = {isa = PBXBuildFile; fileRef = 4860BB0826B73259006797B1 /* ImageViewModel.swift */; };
		4860BB0C26B7366C006797B1 /* ImagesRepository.swift in Sources */ = {isa = PBXBuildFile; fileRef = 4860BB0B26B7366C006797B1 /* ImagesRepository.swift */; };
		4860BB0E26B73679006797B1 /* MenuRepository.swift in Sources */ = {isa = PBXBuildFile; fileRef = 4860BB0D26B73679006797B1 /* MenuRepository.swift */; };
		4860BB1026B74DB4006797B1 /* Combine.swift in Sources */ = {isa = PBXBuildFile; fileRef = 4860BB0F26B74DB4006797B1 /* Combine.swift */; };
/* End PBXBuildFile section */

/* Begin PBXFileReference section */
		4860BA8F26B05C6A006797B1 /* Balam.app */ = {isa = PBXFileReference; explicitFileType = wrapper.application; includeInIndex = 0; path = Balam.app; sourceTree = BUILT_PRODUCTS_DIR; };
		4860BA9226B05C6A006797B1 /* BalamApp.swift */ = {isa = PBXFileReference; lastKnownFileType = sourcecode.swift; path = BalamApp.swift; sourceTree = "<group>"; };
		4860BA9626B05C73006797B1 /* Assets.xcassets */ = {isa = PBXFileReference; lastKnownFileType = folder.assetcatalog; path = Assets.xcassets; sourceTree = "<group>"; };
		4860BA9926B05C73006797B1 /* Preview Assets.xcassets */ = {isa = PBXFileReference; lastKnownFileType = folder.assetcatalog; path = "Preview Assets.xcassets"; sourceTree = "<group>"; };
		4860BA9B26B05C73006797B1 /* Info.plist */ = {isa = PBXFileReference; lastKnownFileType = text.plist.xml; path = Info.plist; sourceTree = "<group>"; };
		4860BAA226B07A83006797B1 /* Menu.swift */ = {isa = PBXFileReference; lastKnownFileType = sourcecode.swift; path = Menu.swift; sourceTree = "<group>"; };
		4860BAA426B1CC53006797B1 /* Cart.swift */ = {isa = PBXFileReference; lastKnownFileType = sourcecode.swift; path = Cart.swift; sourceTree = "<group>"; };
		4860BAA726B1E5A0006797B1 /* AppState.swift */ = {isa = PBXFileReference; lastKnownFileType = sourcecode.swift; path = AppState.swift; sourceTree = "<group>"; };
		4860BAAA26B1E725006797B1 /* Loadable.swift */ = {isa = PBXFileReference; lastKnownFileType = sourcecode.swift; path = Loadable.swift; sourceTree = "<group>"; };
		4860BAAC26B1E839006797B1 /* CancelBag.swift */ = {isa = PBXFileReference; lastKnownFileType = sourcecode.swift; path = CancelBag.swift; sourceTree = "<group>"; };
		4860BAAE26B1F153006797B1 /* Store.swift */ = {isa = PBXFileReference; lastKnownFileType = sourcecode.swift; path = Store.swift; sourceTree = "<group>"; };
		4860BAB026B1F78A006797B1 /* DIContainer.swift */ = {isa = PBXFileReference; lastKnownFileType = sourcecode.swift; path = DIContainer.swift; sourceTree = "<group>"; };
		4860BAB326B2861E006797B1 /* ImagesService.swift */ = {isa = PBXFileReference; lastKnownFileType = sourcecode.swift; path = ImagesService.swift; sourceTree = "<group>"; };
		4860BAB526B28824006797B1 /* MenuService.swift */ = {isa = PBXFileReference; lastKnownFileType = sourcecode.swift; path = MenuService.swift; sourceTree = "<group>"; };
		4860BAB726B28E61006797B1 /* AppServices.swift */ = {isa = PBXFileReference; lastKnownFileType = sourcecode.swift; path = AppServices.swift; sourceTree = "<group>"; };
		4860BABA26B2B6AD006797B1 /* AppEnvironment.swift */ = {isa = PBXFileReference; lastKnownFileType = sourcecode.swift; path = AppEnvironment.swift; sourceTree = "<group>"; };
		4860BABE26B2C2CB006797B1 /* RootView.swift */ = {isa = PBXFileReference; lastKnownFileType = sourcecode.swift; path = RootView.swift; sourceTree = "<group>"; };
		4860BAC026B30956006797B1 /* MenuView.swift */ = {isa = PBXFileReference; lastKnownFileType = sourcecode.swift; path = MenuView.swift; sourceTree = "<group>"; };
		4860BAC226B30984006797B1 /* CartView.swift */ = {isa = PBXFileReference; lastKnownFileType = sourcecode.swift; path = CartView.swift; sourceTree = "<group>"; };
		4860BAC426B30A61006797B1 /* ContextualActionView.swift */ = {isa = PBXFileReference; lastKnownFileType = sourcecode.swift; path = ContextualActionView.swift; sourceTree = "<group>"; };
		4860BAC626B315CA006797B1 /* RootViewModel.swift */ = {isa = PBXFileReference; lastKnownFileType = sourcecode.swift; path = RootViewModel.swift; sourceTree = "<group>"; };
		4860BACB26B32588006797B1 /* PromotionsView.swift */ = {isa = PBXFileReference; lastKnownFileType = sourcecode.swift; path = PromotionsView.swift; sourceTree = "<group>"; };
		4860BACE26B3351A006797B1 /* PageIndicatorView.swift */ = {isa = PBXFileReference; lastKnownFileType = sourcecode.swift; path = PageIndicatorView.swift; sourceTree = "<group>"; };
		4860BAD226B3460E006797B1 /* ImageView.swift */ = {isa = PBXFileReference; lastKnownFileType = sourcecode.swift; path = ImageView.swift; sourceTree = "<group>"; };
		4860BAD426B3F620006797B1 /* SwiperView.swift */ = {isa = PBXFileReference; lastKnownFileType = sourcecode.swift; path = SwiperView.swift; sourceTree = "<group>"; };
		4860BAD626B45845006797B1 /* MenuItemView.swift */ = {isa = PBXFileReference; lastKnownFileType = sourcecode.swift; path = MenuItemView.swift; sourceTree = "<group>"; };
		4860BAD826B458CE006797B1 /* MenuItemViewModel.swift */ = {isa = PBXFileReference; lastKnownFileType = sourcecode.swift; path = MenuItemViewModel.swift; sourceTree = "<group>"; };
		4860BADB26B45C4A006797B1 /* CartService.swift */ = {isa = PBXFileReference; lastKnownFileType = sourcecode.swift; path = CartService.swift; sourceTree = "<group>"; };
		4860BADD26B488A5006797B1 /* AppFormatters.swift */ = {isa = PBXFileReference; lastKnownFileType = sourcecode.swift; path = AppFormatters.swift; sourceTree = "<group>"; };
		4860BAE026B53FEB006797B1 /* PromotionsViewModel.swift */ = {isa = PBXFileReference; lastKnownFileType = sourcecode.swift; path = PromotionsViewModel.swift; sourceTree = "<group>"; };
		4860BAE226B57690006797B1 /* ContextIndicatorView.swift */ = {isa = PBXFileReference; lastKnownFileType = sourcecode.swift; path = ContextIndicatorView.swift; sourceTree = "<group>"; };
		4860BAE526B67D25006797B1 /* MenuItemsView.swift */ = {isa = PBXFileReference; lastKnownFileType = sourcecode.swift; path = MenuItemsView.swift; sourceTree = "<group>"; };
		4860BAE726B68438006797B1 /* MenuItemsViewModel.swift */ = {isa = PBXFileReference; lastKnownFileType = sourcecode.swift; path = MenuItemsViewModel.swift; sourceTree = "<group>"; };
		4860BAEA26B68591006797B1 /* MenuCategoriesView.swift */ = {isa = PBXFileReference; lastKnownFileType = sourcecode.swift; path = MenuCategoriesView.swift; sourceTree = "<group>"; };
		4860BAEC26B68F83006797B1 /* MenuCategoriesViewModel.swift */ = {isa = PBXFileReference; lastKnownFileType = sourcecode.swift; path = MenuCategoriesViewModel.swift; sourceTree = "<group>"; };
		4860BAEF26B694B9006797B1 /* MenuViewModel.swift */ = {isa = PBXFileReference; lastKnownFileType = sourcecode.swift; path = MenuViewModel.swift; sourceTree = "<group>"; };
		4860BAF226B699B9006797B1 /* CartItemView.swift */ = {isa = PBXFileReference; lastKnownFileType = sourcecode.swift; path = CartItemView.swift; sourceTree = "<group>"; };
		4860BAF426B699D8006797B1 /* CartItemViewModel.swift */ = {isa = PBXFileReference; lastKnownFileType = sourcecode.swift; path = CartItemViewModel.swift; sourceTree = "<group>"; };
		4860BAF726B6B2EF006797B1 /* CartTotalView.swift */ = {isa = PBXFileReference; lastKnownFileType = sourcecode.swift; path = CartTotalView.swift; sourceTree = "<group>"; };
		4860BAF926B6B2F9006797B1 /* CartTotalViewModel.swift */ = {isa = PBXFileReference; lastKnownFileType = sourcecode.swift; path = CartTotalViewModel.swift; sourceTree = "<group>"; };
		4860BAFC26B6C753006797B1 /* CartItemsView.swift */ = {isa = PBXFileReference; lastKnownFileType = sourcecode.swift; path = CartItemsView.swift; sourceTree = "<group>"; };
		4860BAFE26B6C75E006797B1 /* CartItemsViewModel.swift */ = {isa = PBXFileReference; lastKnownFileType = sourcecode.swift; path = CartItemsViewModel.swift; sourceTree = "<group>"; };
		4860BB0126B6D56C006797B1 /* CartViewModel.swift */ = {isa = PBXFileReference; lastKnownFileType = sourcecode.swift; path = CartViewModel.swift; sourceTree = "<group>"; };
		4860BB0426B7303C006797B1 /* ContextualActionViewModel.swift */ = {isa = PBXFileReference; lastKnownFileType = sourcecode.swift; path = ContextualActionViewModel.swift; sourceTree = "<group>"; };
		4860BB0826B73259006797B1 /* ImageViewModel.swift */ = {isa = PBXFileReference; lastKnownFileType = sourcecode.swift; path = ImageViewModel.swift; sourceTree = "<group>"; };
		4860BB0B26B7366C006797B1 /* ImagesRepository.swift */ = {isa = PBXFileReference; lastKnownFileType = sourcecode.swift; path = ImagesRepository.swift; sourceTree = "<group>"; };
		4860BB0D26B73679006797B1 /* MenuRepository.swift */ = {isa = PBXFileReference; lastKnownFileType = sourcecode.swift; path = MenuRepository.swift; sourceTree = "<group>"; };
		4860BB0F26B74DB4006797B1 /* Combine.swift */ = {isa = PBXFileReference; lastKnownFileType = sourcecode.swift; path = Combine.swift; sourceTree = "<group>"; };
/* End PBXFileReference section */

/* Begin PBXFrameworksBuildPhase section */
		4860BA8C26B05C6A006797B1 /* Frameworks */ = {
			isa = PBXFrameworksBuildPhase;
			buildActionMask = 2147483647;
			files = (
			);
			runOnlyForDeploymentPostprocessing = 0;
		};
/* End PBXFrameworksBuildPhase section */

/* Begin PBXGroup section */
		4860BA8626B05C6A006797B1 = {
			isa = PBXGroup;
			children = (
				4860BA9126B05C6A006797B1 /* Balam */,
				4860BA9026B05C6A006797B1 /* Products */,
			);
			sourceTree = "<group>";
		};
		4860BA9026B05C6A006797B1 /* Products */ = {
			isa = PBXGroup;
			children = (
				4860BA8F26B05C6A006797B1 /* Balam.app */,
			);
			name = Products;
			sourceTree = "<group>";
		};
		4860BA9126B05C6A006797B1 /* Balam */ = {
			isa = PBXGroup;
			children = (
				4860BAB926B2B694006797B1 /* App */,
				4860BAA626B1E574006797B1 /* Injected */,
				4860BAA126B07A68006797B1 /* Models */,
				4860BABC26B2BB54006797B1 /* Presentation */,
				4860BB0A26B735FB006797B1 /* Repositories */,
				4860BABD26B2BBA0006797B1 /* Resources */,
				4860BAB226B281C5006797B1 /* Services */,
				4860BAA926B1E6E2006797B1 /* Utilities */,
				4860BA9826B05C73006797B1 /* Preview Content */,
			);
			path = Balam;
			sourceTree = "<group>";
		};
		4860BA9826B05C73006797B1 /* Preview Content */ = {
			isa = PBXGroup;
			children = (
				4860BA9926B05C73006797B1 /* Preview Assets.xcassets */,
			);
			path = "Preview Content";
			sourceTree = "<group>";
		};
		4860BAA126B07A68006797B1 /* Models */ = {
			isa = PBXGroup;
			children = (
				4860BAA426B1CC53006797B1 /* Cart.swift */,
				4860BAA226B07A83006797B1 /* Menu.swift */,
			);
			path = Models;
			sourceTree = "<group>";
		};
		4860BAA626B1E574006797B1 /* Injected */ = {
			isa = PBXGroup;
			children = (
				4860BADD26B488A5006797B1 /* AppFormatters.swift */,
				4860BAB726B28E61006797B1 /* AppServices.swift */,
				4860BAA726B1E5A0006797B1 /* AppState.swift */,
				4860BAB026B1F78A006797B1 /* DIContainer.swift */,
			);
			path = Injected;
			sourceTree = "<group>";
		};
		4860BAA926B1E6E2006797B1 /* Utilities */ = {
			isa = PBXGroup;
			children = (
				4860BAAC26B1E839006797B1 /* CancelBag.swift */,
				4860BB0F26B74DB4006797B1 /* Combine.swift */,
				4860BAAA26B1E725006797B1 /* Loadable.swift */,
				4860BAAE26B1F153006797B1 /* Store.swift */,
			);
			path = Utilities;
			sourceTree = "<group>";
		};
		4860BAB226B281C5006797B1 /* Services */ = {
			isa = PBXGroup;
			children = (
				4860BADB26B45C4A006797B1 /* CartService.swift */,
				4860BAB326B2861E006797B1 /* ImagesService.swift */,
				4860BAB526B28824006797B1 /* MenuService.swift */,
			);
			path = Services;
			sourceTree = "<group>";
		};
		4860BAB926B2B694006797B1 /* App */ = {
			isa = PBXGroup;
			children = (
				4860BABA26B2B6AD006797B1 /* AppEnvironment.swift */,
				4860BA9226B05C6A006797B1 /* BalamApp.swift */,
			);
			path = App;
			sourceTree = "<group>";
		};
		4860BABC26B2BB54006797B1 /* Presentation */ = {
			isa = PBXGroup;
			children = (
				4860BACA26B31752006797B1 /* Cart */,
				4860BAC926B3173C006797B1 /* Menu */,
				4860BAC826B31659006797B1 /* Root */,
				4860BACD26B334E9006797B1 /* Views */,
			);
			path = Presentation;
			sourceTree = "<group>";
		};
		4860BABD26B2BBA0006797B1 /* Resources */ = {
			isa = PBXGroup;
			children = (
				4860BA9626B05C73006797B1 /* Assets.xcassets */,
				4860BA9B26B05C73006797B1 /* Info.plist */,
			);
			path = Resources;
			sourceTree = "<group>";
		};
		4860BAC826B31659006797B1 /* Root */ = {
			isa = PBXGroup;
			children = (
				4860BB0326B73024006797B1 /* ContextualAction */,
				4860BB0626B73177006797B1 /* Root */,
			);
			path = Root;
			sourceTree = "<group>";
		};
		4860BAC926B3173C006797B1 /* Menu */ = {
			isa = PBXGroup;
			children = (
				4860BAE926B6850B006797B1 /* MenuCategories */,
				4860BADA26B458D6006797B1 /* MenuItem */,
				4860BAE426B67CFC006797B1 /* MenuItems */,
				4860BAEE26B690AE006797B1 /* MenuRoot */,
				4860BADF26B53FC0006797B1 /* Promotions */,
			);
			path = Menu;
			sourceTree = "<group>";
		};
		4860BACA26B31752006797B1 /* Cart */ = {
			isa = PBXGroup;
			children = (
				4860BAF126B699A2006797B1 /* CartItem */,
				4860BAFB26B6C71D006797B1 /* CartItems */,
				4860BB0026B6D548006797B1 /* CartRoot */,
				4860BAF626B6B2D7006797B1 /* CartTotal */,
			);
			path = Cart;
			sourceTree = "<group>";
		};
		4860BACD26B334E9006797B1 /* Views */ = {
			isa = PBXGroup;
			children = (
				4860BAE226B57690006797B1 /* ContextIndicatorView.swift */,
				4860BB0726B7323A006797B1 /* Image */,
				4860BACE26B3351A006797B1 /* PageIndicatorView.swift */,
				4860BAD426B3F620006797B1 /* SwiperView.swift */,
			);
			path = Views;
			sourceTree = "<group>";
		};
		4860BADA26B458D6006797B1 /* MenuItem */ = {
			isa = PBXGroup;
			children = (
				4860BAD626B45845006797B1 /* MenuItemView.swift */,
				4860BAD826B458CE006797B1 /* MenuItemViewModel.swift */,
			);
			path = MenuItem;
			sourceTree = "<group>";
		};
		4860BADF26B53FC0006797B1 /* Promotions */ = {
			isa = PBXGroup;
			children = (
				4860BACB26B32588006797B1 /* PromotionsView.swift */,
				4860BAE026B53FEB006797B1 /* PromotionsViewModel.swift */,
			);
			path = Promotions;
			sourceTree = "<group>";
		};
		4860BAE426B67CFC006797B1 /* MenuItems */ = {
			isa = PBXGroup;
			children = (
				4860BAE526B67D25006797B1 /* MenuItemsView.swift */,
				4860BAE726B68438006797B1 /* MenuItemsViewModel.swift */,
			);
			path = MenuItems;
			sourceTree = "<group>";
		};
		4860BAE926B6850B006797B1 /* MenuCategories */ = {
			isa = PBXGroup;
			children = (
				4860BAEA26B68591006797B1 /* MenuCategoriesView.swift */,
				4860BAEC26B68F83006797B1 /* MenuCategoriesViewModel.swift */,
			);
			path = MenuCategories;
			sourceTree = "<group>";
		};
		4860BAEE26B690AE006797B1 /* MenuRoot */ = {
			isa = PBXGroup;
			children = (
				4860BAC026B30956006797B1 /* MenuView.swift */,
				4860BAEF26B694B9006797B1 /* MenuViewModel.swift */,
			);
			path = MenuRoot;
			sourceTree = "<group>";
		};
		4860BAF126B699A2006797B1 /* CartItem */ = {
			isa = PBXGroup;
			children = (
				4860BAF226B699B9006797B1 /* CartItemView.swift */,
				4860BAF426B699D8006797B1 /* CartItemViewModel.swift */,
			);
			path = CartItem;
			sourceTree = "<group>";
		};
		4860BAF626B6B2D7006797B1 /* CartTotal */ = {
			isa = PBXGroup;
			children = (
				4860BAF726B6B2EF006797B1 /* CartTotalView.swift */,
				4860BAF926B6B2F9006797B1 /* CartTotalViewModel.swift */,
			);
			path = CartTotal;
			sourceTree = "<group>";
		};
		4860BAFB26B6C71D006797B1 /* CartItems */ = {
			isa = PBXGroup;
			children = (
				4860BAFC26B6C753006797B1 /* CartItemsView.swift */,
				4860BAFE26B6C75E006797B1 /* CartItemsViewModel.swift */,
			);
			path = CartItems;
			sourceTree = "<group>";
		};
		4860BB0026B6D548006797B1 /* CartRoot */ = {
			isa = PBXGroup;
			children = (
				4860BAC226B30984006797B1 /* CartView.swift */,
				4860BB0126B6D56C006797B1 /* CartViewModel.swift */,
			);
			path = CartRoot;
			sourceTree = "<group>";
		};
		4860BB0326B73024006797B1 /* ContextualAction */ = {
			isa = PBXGroup;
			children = (
				4860BAC426B30A61006797B1 /* ContextualActionView.swift */,
				4860BB0426B7303C006797B1 /* ContextualActionViewModel.swift */,
			);
			path = ContextualAction;
			sourceTree = "<group>";
		};
		4860BB0626B73177006797B1 /* Root */ = {
			isa = PBXGroup;
			children = (
				4860BABE26B2C2CB006797B1 /* RootView.swift */,
				4860BAC626B315CA006797B1 /* RootViewModel.swift */,
			);
			path = Root;
			sourceTree = "<group>";
		};
		4860BB0726B7323A006797B1 /* Image */ = {
			isa = PBXGroup;
			children = (
				4860BAD226B3460E006797B1 /* ImageView.swift */,
				4860BB0826B73259006797B1 /* ImageViewModel.swift */,
			);
			path = Image;
			sourceTree = "<group>";
		};
		4860BB0A26B735FB006797B1 /* Repositories */ = {
			isa = PBXGroup;
			children = (
				4860BB0B26B7366C006797B1 /* ImagesRepository.swift */,
				4860BB0D26B73679006797B1 /* MenuRepository.swift */,
			);
			path = Repositories;
			sourceTree = "<group>";
		};
/* End PBXGroup section */

/* Begin PBXNativeTarget section */
		4860BA8E26B05C6A006797B1 /* Balam */ = {
			isa = PBXNativeTarget;
			buildConfigurationList = 4860BA9E26B05C73006797B1 /* Build configuration list for PBXNativeTarget "Balam" */;
			buildPhases = (
				4860BA8B26B05C6A006797B1 /* Sources */,
				4860BA8C26B05C6A006797B1 /* Frameworks */,
				4860BA8D26B05C6A006797B1 /* Resources */,
			);
			buildRules = (
			);
			dependencies = (
			);
			name = Balam;
			productName = Balam;
			productReference = 4860BA8F26B05C6A006797B1 /* Balam.app */;
			productType = "com.apple.product-type.application";
		};
/* End PBXNativeTarget section */

/* Begin PBXProject section */
		4860BA8726B05C6A006797B1 /* Project object */ = {
			isa = PBXProject;
			attributes = {
				LastSwiftUpdateCheck = 1250;
				LastUpgradeCheck = 1250;
				TargetAttributes = {
					4860BA8E26B05C6A006797B1 = {
						CreatedOnToolsVersion = 12.5.1;
					};
				};
			};
			buildConfigurationList = 4860BA8A26B05C6A006797B1 /* Build configuration list for PBXProject "Balam" */;
			compatibilityVersion = "Xcode 9.3";
			developmentRegion = en;
			hasScannedForEncodings = 0;
			knownRegions = (
				en,
				Base,
			);
			mainGroup = 4860BA8626B05C6A006797B1;
			productRefGroup = 4860BA9026B05C6A006797B1 /* Products */;
			projectDirPath = "";
			projectRoot = "";
			targets = (
				4860BA8E26B05C6A006797B1 /* Balam */,
			);
		};
/* End PBXProject section */

/* Begin PBXResourcesBuildPhase section */
		4860BA8D26B05C6A006797B1 /* Resources */ = {
			isa = PBXResourcesBuildPhase;
			buildActionMask = 2147483647;
			files = (
				4860BA9A26B05C73006797B1 /* Preview Assets.xcassets in Resources */,
				4860BA9726B05C73006797B1 /* Assets.xcassets in Resources */,
			);
			runOnlyForDeploymentPostprocessing = 0;
		};
/* End PBXResourcesBuildPhase section */

/* Begin PBXSourcesBuildPhase section */
		4860BA8B26B05C6A006797B1 /* Sources */ = {
			isa = PBXSourcesBuildPhase;
			buildActionMask = 2147483647;
			files = (
				4860BAF826B6B2EF006797B1 /* CartTotalView.swift in Sources */,
				4860BB1026B74DB4006797B1 /* Combine.swift in Sources */,
				4860BAF326B699B9006797B1 /* CartItemView.swift in Sources */,
				4860BAC726B315CA006797B1 /* RootViewModel.swift in Sources */,
				4860BB0226B6D56C006797B1 /* CartViewModel.swift in Sources */,
				4860BACF26B3351A006797B1 /* PageIndicatorView.swift in Sources */,
				4860BAC326B30984006797B1 /* CartView.swift in Sources */,
				4860BAFA26B6B2F9006797B1 /* CartTotalViewModel.swift in Sources */,
				4860BAEB26B68591006797B1 /* MenuCategoriesView.swift in Sources */,
				4860BAFF26B6C75E006797B1 /* CartItemsViewModel.swift in Sources */,
				4860BAA326B07A83006797B1 /* Menu.swift in Sources */,
				4860BAE626B67D25006797B1 /* MenuItemsView.swift in Sources */,
				4860BB0526B7303C006797B1 /* ContextualActionViewModel.swift in Sources */,
				4860BAE326B57690006797B1 /* ContextIndicatorView.swift in Sources */,
				4860BAB426B2861E006797B1 /* ImagesService.swift in Sources */,
				4860BB0E26B73679006797B1 /* MenuRepository.swift in Sources */,
				4860BAA826B1E5A0006797B1 /* AppState.swift in Sources */,
				4860BABF26B2C2CB006797B1 /* RootView.swift in Sources */,
				4860BAC526B30A61006797B1 /* ContextualActionView.swift in Sources */,
				4860BAB626B28824006797B1 /* MenuService.swift in Sources */,
				4860BAD926B458CE006797B1 /* MenuItemViewModel.swift in Sources */,
				4860BAE826B68438006797B1 /* MenuItemsViewModel.swift in Sources */,
				4860BACC26B32588006797B1 /* PromotionsView.swift in Sources */,
				4860BAF026B694B9006797B1 /* MenuViewModel.swift in Sources */,
				4860BAAF26B1F153006797B1 /* Store.swift in Sources */,
				4860BADC26B45C4A006797B1 /* CartService.swift in Sources */,
				4860BAF526B699D8006797B1 /* CartItemViewModel.swift in Sources */,
				4860BADE26B488A5006797B1 /* AppFormatters.swift in Sources */,
				4860BAD326B3460E006797B1 /* ImageView.swift in Sources */,
				4860BA9326B05C6A006797B1 /* BalamApp.swift in Sources */,
				4860BAD526B3F620006797B1 /* SwiperView.swift in Sources */,
				4860BAD726B45845006797B1 /* MenuItemView.swift in Sources */,
				4860BAC126B30956006797B1 /* MenuView.swift in Sources */,
				4860BAA526B1CC53006797B1 /* Cart.swift in Sources */,
				4860BABB26B2B6AD006797B1 /* AppEnvironment.swift in Sources */,
				4860BAED26B68F83006797B1 /* MenuCategoriesViewModel.swift in Sources */,
				4860BAAD26B1E839006797B1 /* CancelBag.swift in Sources */,
				4860BB0C26B7366C006797B1 /* ImagesRepository.swift in Sources */,
				4860BAE126B53FEB006797B1 /* PromotionsViewModel.swift in Sources */,
				4860BAB826B28E61006797B1 /* AppServices.swift in Sources */,
				4860BAB126B1F78A006797B1 /* DIContainer.swift in Sources */,
				4860BB0926B73259006797B1 /* ImageViewModel.swift in Sources */,
				4860BAAB26B1E725006797B1 /* Loadable.swift in Sources */,
				4860BAFD26B6C753006797B1 /* CartItemsView.swift in Sources */,
			);
			runOnlyForDeploymentPostprocessing = 0;
		};
/* End PBXSourcesBuildPhase section */

/* Begin XCBuildConfiguration section */
		4860BA9C26B05C73006797B1 /* Debug */ = {
			isa = XCBuildConfiguration;
			buildSettings = {
				ALWAYS_SEARCH_USER_PATHS = NO;
				CLANG_ANALYZER_NONNULL = YES;
				CLANG_ANALYZER_NUMBER_OBJECT_CONVERSION = YES_AGGRESSIVE;
				CLANG_CXX_LANGUAGE_STANDARD = "gnu++14";
				CLANG_CXX_LIBRARY = "libc++";
				CLANG_ENABLE_MODULES = YES;
				CLANG_ENABLE_OBJC_ARC = YES;
				CLANG_ENABLE_OBJC_WEAK = YES;
				CLANG_WARN_BLOCK_CAPTURE_AUTORELEASING = YES;
				CLANG_WARN_BOOL_CONVERSION = YES;
				CLANG_WARN_COMMA = YES;
				CLANG_WARN_CONSTANT_CONVERSION = YES;
				CLANG_WARN_DEPRECATED_OBJC_IMPLEMENTATIONS = YES;
				CLANG_WARN_DIRECT_OBJC_ISA_USAGE = YES_ERROR;
				CLANG_WARN_DOCUMENTATION_COMMENTS = YES;
				CLANG_WARN_EMPTY_BODY = YES;
				CLANG_WARN_ENUM_CONVERSION = YES;
				CLANG_WARN_INFINITE_RECURSION = YES;
				CLANG_WARN_INT_CONVERSION = YES;
				CLANG_WARN_NON_LITERAL_NULL_CONVERSION = YES;
				CLANG_WARN_OBJC_IMPLICIT_RETAIN_SELF = YES;
				CLANG_WARN_OBJC_LITERAL_CONVERSION = YES;
				CLANG_WARN_OBJC_ROOT_CLASS = YES_ERROR;
				CLANG_WARN_QUOTED_INCLUDE_IN_FRAMEWORK_HEADER = YES;
				CLANG_WARN_RANGE_LOOP_ANALYSIS = YES;
				CLANG_WARN_STRICT_PROTOTYPES = YES;
				CLANG_WARN_SUSPICIOUS_MOVE = YES;
				CLANG_WARN_UNGUARDED_AVAILABILITY = YES_AGGRESSIVE;
				CLANG_WARN_UNREACHABLE_CODE = YES;
				CLANG_WARN__DUPLICATE_METHOD_MATCH = YES;
				COPY_PHASE_STRIP = NO;
				DEBUG_INFORMATION_FORMAT = dwarf;
				ENABLE_STRICT_OBJC_MSGSEND = YES;
				ENABLE_TESTABILITY = YES;
				GCC_C_LANGUAGE_STANDARD = gnu11;
				GCC_DYNAMIC_NO_PIC = NO;
				GCC_NO_COMMON_BLOCKS = YES;
				GCC_OPTIMIZATION_LEVEL = 0;
				GCC_PREPROCESSOR_DEFINITIONS = (
					"DEBUG=1",
					"$(inherited)",
				);
				GCC_WARN_64_TO_32_BIT_CONVERSION = YES;
				GCC_WARN_ABOUT_RETURN_TYPE = YES_ERROR;
				GCC_WARN_UNDECLARED_SELECTOR = YES;
				GCC_WARN_UNINITIALIZED_AUTOS = YES_AGGRESSIVE;
				GCC_WARN_UNUSED_FUNCTION = YES;
				GCC_WARN_UNUSED_VARIABLE = YES;
				IPHONEOS_DEPLOYMENT_TARGET = 14.5;
				MTL_ENABLE_DEBUG_INFO = INCLUDE_SOURCE;
				MTL_FAST_MATH = YES;
				ONLY_ACTIVE_ARCH = YES;
				SDKROOT = iphoneos;
				SWIFT_ACTIVE_COMPILATION_CONDITIONS = DEBUG;
				SWIFT_OPTIMIZATION_LEVEL = "-Onone";
			};
			name = Debug;
		};
		4860BA9D26B05C73006797B1 /* Release */ = {
			isa = XCBuildConfiguration;
			buildSettings = {
				ALWAYS_SEARCH_USER_PATHS = NO;
				CLANG_ANALYZER_NONNULL = YES;
				CLANG_ANALYZER_NUMBER_OBJECT_CONVERSION = YES_AGGRESSIVE;
				CLANG_CXX_LANGUAGE_STANDARD = "gnu++14";
				CLANG_CXX_LIBRARY = "libc++";
				CLANG_ENABLE_MODULES = YES;
				CLANG_ENABLE_OBJC_ARC = YES;
				CLANG_ENABLE_OBJC_WEAK = YES;
				CLANG_WARN_BLOCK_CAPTURE_AUTORELEASING = YES;
				CLANG_WARN_BOOL_CONVERSION = YES;
				CLANG_WARN_COMMA = YES;
				CLANG_WARN_CONSTANT_CONVERSION = YES;
				CLANG_WARN_DEPRECATED_OBJC_IMPLEMENTATIONS = YES;
				CLANG_WARN_DIRECT_OBJC_ISA_USAGE = YES_ERROR;
				CLANG_WARN_DOCUMENTATION_COMMENTS = YES;
				CLANG_WARN_EMPTY_BODY = YES;
				CLANG_WARN_ENUM_CONVERSION = YES;
				CLANG_WARN_INFINITE_RECURSION = YES;
				CLANG_WARN_INT_CONVERSION = YES;
				CLANG_WARN_NON_LITERAL_NULL_CONVERSION = YES;
				CLANG_WARN_OBJC_IMPLICIT_RETAIN_SELF = YES;
				CLANG_WARN_OBJC_LITERAL_CONVERSION = YES;
				CLANG_WARN_OBJC_ROOT_CLASS = YES_ERROR;
				CLANG_WARN_QUOTED_INCLUDE_IN_FRAMEWORK_HEADER = YES;
				CLANG_WARN_RANGE_LOOP_ANALYSIS = YES;
				CLANG_WARN_STRICT_PROTOTYPES = YES;
				CLANG_WARN_SUSPICIOUS_MOVE = YES;
				CLANG_WARN_UNGUARDED_AVAILABILITY = YES_AGGRESSIVE;
				CLANG_WARN_UNREACHABLE_CODE = YES;
				CLANG_WARN__DUPLICATE_METHOD_MATCH = YES;
				COPY_PHASE_STRIP = NO;
				DEBUG_INFORMATION_FORMAT = "dwarf-with-dsym";
				ENABLE_NS_ASSERTIONS = NO;
				ENABLE_STRICT_OBJC_MSGSEND = YES;
				GCC_C_LANGUAGE_STANDARD = gnu11;
				GCC_NO_COMMON_BLOCKS = YES;
				GCC_WARN_64_TO_32_BIT_CONVERSION = YES;
				GCC_WARN_ABOUT_RETURN_TYPE = YES_ERROR;
				GCC_WARN_UNDECLARED_SELECTOR = YES;
				GCC_WARN_UNINITIALIZED_AUTOS = YES_AGGRESSIVE;
				GCC_WARN_UNUSED_FUNCTION = YES;
				GCC_WARN_UNUSED_VARIABLE = YES;
				IPHONEOS_DEPLOYMENT_TARGET = 14.5;
				MTL_ENABLE_DEBUG_INFO = NO;
				MTL_FAST_MATH = YES;
				SDKROOT = iphoneos;
				SWIFT_COMPILATION_MODE = wholemodule;
				SWIFT_OPTIMIZATION_LEVEL = "-O";
				VALIDATE_PRODUCT = YES;
			};
			name = Release;
		};
		4860BA9F26B05C73006797B1 /* Debug */ = {
			isa = XCBuildConfiguration;
			buildSettings = {
				ASSETCATALOG_COMPILER_APPICON_NAME = AppIcon;
				ASSETCATALOG_COMPILER_GLOBAL_ACCENT_COLOR_NAME = AccentColor;
				CODE_SIGN_STYLE = Automatic;
				DEVELOPMENT_ASSET_PATHS = "\"Balam/Preview Content\"";
				DEVELOPMENT_TEAM = 4U3ASR7LV8;
				ENABLE_PREVIEWS = YES;
				INFOPLIST_FILE = Balam/Resources/Info.plist;
				IPHONEOS_DEPLOYMENT_TARGET = 14.0;
				LD_RUNPATH_SEARCH_PATHS = (
					"$(inherited)",
					"@executable_path/Frameworks",
				);
				PRODUCT_BUNDLE_IDENTIFIER = com.barzam.Balam;
				PRODUCT_NAME = "$(TARGET_NAME)";
				SWIFT_VERSION = 5.0;
				TARGETED_DEVICE_FAMILY = 1;
			};
			name = Debug;
		};
		4860BAA026B05C73006797B1 /* Release */ = {
			isa = XCBuildConfiguration;
			buildSettings = {
				ASSETCATALOG_COMPILER_APPICON_NAME = AppIcon;
				ASSETCATALOG_COMPILER_GLOBAL_ACCENT_COLOR_NAME = AccentColor;
				CODE_SIGN_STYLE = Automatic;
				DEVELOPMENT_ASSET_PATHS = "\"Balam/Preview Content\"";
				DEVELOPMENT_TEAM = 4U3ASR7LV8;
				ENABLE_PREVIEWS = YES;
				INFOPLIST_FILE = Balam/Resources/Info.plist;
				IPHONEOS_DEPLOYMENT_TARGET = 14.0;
				LD_RUNPATH_SEARCH_PATHS = (
					"$(inherited)",
					"@executable_path/Frameworks",
				);
				PRODUCT_BUNDLE_IDENTIFIER = com.barzam.Balam;
				PRODUCT_NAME = "$(TARGET_NAME)";
				SWIFT_VERSION = 5.0;
				TARGETED_DEVICE_FAMILY = 1;
			};
			name = Release;
		};
/* End XCBuildConfiguration section */

/* Begin XCConfigurationList section */
		4860BA8A26B05C6A006797B1 /* Build configuration list for PBXProject "Balam" */ = {
			isa = XCConfigurationList;
			buildConfigurations = (
				4860BA9C26B05C73006797B1 /* Debug */,
				4860BA9D26B05C73006797B1 /* Release */,
			);
			defaultConfigurationIsVisible = 0;
			defaultConfigurationName = Release;
		};
		4860BA9E26B05C73006797B1 /* Build configuration list for PBXNativeTarget "Balam" */ = {
			isa = XCConfigurationList;
			buildConfigurations = (
				4860BA9F26B05C73006797B1 /* Debug */,
				4860BAA026B05C73006797B1 /* Release */,
			);
			defaultConfigurationIsVisible = 0;
			defaultConfigurationName = Release;
		};
/* End XCConfigurationList section */
	};
	rootObject = 4860BA8726B05C6A006797B1 /* Project object */;
}
